
Microsoft Visual Studio Solution File, Format Version 12.00
# Visual Studio 2012
Project("{FAE04EC0-301F-11D3-BF4B-00C04F79EFBC}") = "HelmesBootcamp", "HelmesBootcamp\HelmesBootcamp.csproj", "{36C8FC05-B410-4D8D-9F08-D1C31D21F78E}"
EndProject
Project("{FAE04EC0-301F-11D3-BF4B-00C04F79EFBC}") = "HelmesBootcamp.Tests", "HelmesBootcamp.Tests\HelmesBootcamp.Tests.csproj", "{4AFCBB7C-C413-4795-AF12-3A0F76ECB7EE}"
EndProject
Global
	GlobalSection(SolutionConfigurationPlatforms) = preSolution
		Debug|Any CPU = Debug|Any CPU
		Release|Any CPU = Release|Any CPU
	EndGlobalSection
	GlobalSection(ProjectConfigurationPlatforms) = postSolution
		{36C8FC05-B410-4D8D-9F08-D1C31D21F78E}.Debug|Any CPU.ActiveCfg = Debug|Any CPU
		{36C8FC05-B410-4D8D-9F08-D1C31D21F78E}.Debug|Any CPU.Build.0 = Debug|Any CPU
		{36C8FC05-B410-4D8D-9F08-D1C31D21F78E}.Release|Any CPU.ActiveCfg = Release|Any CPU
		{36C8FC05-B410-4D8D-9F08-D1C31D21F78E}.Release|Any CPU.Build.0 = Release|Any CPU
		{4AFCBB7C-C413-4795-AF12-3A0F76ECB7EE}.Debug|Any CPU.ActiveCfg = Debug|Any CPU
		{4AFCBB7C-C413-4795-AF12-3A0F76ECB7EE}.Debug|Any CPU.Build.0 = Debug|Any CPU
		{4AFCBB7C-C413-4795-AF12-3A0F76ECB7EE}.Release|Any CPU.ActiveCfg = Release|Any CPU
		{4AFCBB7C-C413-4795-AF12-3A0F76ECB7EE}.Release|Any CPU.Build.0 = Release|Any CPU
	EndGlobalSection
	GlobalSection(SolutionProperties) = preSolution
		HideSolutionNode = FALSE
	EndGlobalSection
EndGlobal
